
Microsoft Visual Studio Solution File, Format Version 12.00
# Visual Studio Version 17
VisualStudioVersion = 17.0.31903.59
MinimumVisualStudioVersion = 10.0.40219.1
Project("{2150E333-8FDC-42A3-9474-1A3956D46DE8}") = "test", "test", "{DD1CA407-14CF-44A3-8199-C5D1F5F6F198}"
EndProject
Project("{FAE04EC0-301F-11D3-BF4B-00C04F79EFBC}") = "DemoCosmos.Test", "test\DemoCosmos.Test\DemoCosmos.Test.csproj", "{914304FB-1CF8-435F-8486-3E90B635991F}"
EndProject
Global
	GlobalSection(SolutionConfigurationPlatforms) = preSolution
		Debug|Any CPU = Debug|Any CPU
		Release|Any CPU = Release|Any CPU
	EndGlobalSection
	GlobalSection(SolutionProperties) = preSolution
		HideSolutionNode = FALSE
	EndGlobalSection
	GlobalSection(ProjectConfigurationPlatforms) = postSolution
		{914304FB-1CF8-435F-8486-3E90B635991F}.Debug|Any CPU.ActiveCfg = Debug|Any CPU
		{914304FB-1CF8-435F-8486-3E90B635991F}.Debug|Any CPU.Build.0 = Debug|Any CPU
		{914304FB-1CF8-435F-8486-3E90B635991F}.Release|Any CPU.ActiveCfg = Release|Any CPU
		{914304FB-1CF8-435F-8486-3E90B635991F}.Release|Any CPU.Build.0 = Release|Any CPU
	EndGlobalSection
	GlobalSection(NestedProjects) = preSolution
		{914304FB-1CF8-435F-8486-3E90B635991F} = {DD1CA407-14CF-44A3-8199-C5D1F5F6F198}
	EndGlobalSection
EndGlobal
